
Microsoft Visual Studio Solution File, Format Version 12.00
# Visual Studio Version 17
VisualStudioVersion = 17.0.31903.59
MinimumVisualStudioVersion = 10.0.40219.1
Project("{FAE04EC0-301F-11D3-BF4B-00C04F79EFBC}") = "API", "API\API.csproj", "{9AC501E5-458A-4B15-888E-3EB79D6487B9}"
EndProject
Project("{FAE04EC0-301F-11D3-BF4B-00C04F79EFBC}") = "DataAccess", "DataAccess\DataAccess.csproj", "{525E4ECE-0EAB-41EF-B093-9A34049045C2}"
EndProject
Project("{FAE04EC0-301F-11D3-BF4B-00C04F79EFBC}") = "BusinessObjects", "BusinessObjects\BusinessObjects.csproj", "{4C954E08-96ED-4206-99E9-5CA896E3F9ED}"
EndProject
Global
	GlobalSection(SolutionConfigurationPlatforms) = preSolution
		Debug|Any CPU = Debug|Any CPU
		Release|Any CPU = Release|Any CPU
	EndGlobalSection
	GlobalSection(SolutionProperties) = preSolution
		HideSolutionNode = FALSE
	EndGlobalSection
	GlobalSection(ProjectConfigurationPlatforms) = postSolution
		{9AC501E5-458A-4B15-888E-3EB79D6487B9}.Debug|Any CPU.ActiveCfg = Debug|Any CPU
		{9AC501E5-458A-4B15-888E-3EB79D6487B9}.Debug|Any CPU.Build.0 = Debug|Any CPU
		{9AC501E5-458A-4B15-888E-3EB79D6487B9}.Release|Any CPU.ActiveCfg = Release|Any CPU
		{9AC501E5-458A-4B15-888E-3EB79D6487B9}.Release|Any CPU.Build.0 = Release|Any CPU
		{525E4ECE-0EAB-41EF-B093-9A34049045C2}.Debug|Any CPU.ActiveCfg = Debug|Any CPU
		{525E4ECE-0EAB-41EF-B093-9A34049045C2}.Debug|Any CPU.Build.0 = Debug|Any CPU
		{525E4ECE-0EAB-41EF-B093-9A34049045C2}.Release|Any CPU.ActiveCfg = Release|Any CPU
		{525E4ECE-0EAB-41EF-B093-9A34049045C2}.Release|Any CPU.Build.0 = Release|Any CPU
		{4C954E08-96ED-4206-99E9-5CA896E3F9ED}.Debug|Any CPU.ActiveCfg = Debug|Any CPU
		{4C954E08-96ED-4206-99E9-5CA896E3F9ED}.Debug|Any CPU.Build.0 = Debug|Any CPU
		{4C954E08-96ED-4206-99E9-5CA896E3F9ED}.Release|Any CPU.ActiveCfg = Release|Any CPU
		{4C954E08-96ED-4206-99E9-5CA896E3F9ED}.Release|Any CPU.Build.0 = Release|Any CPU
	EndGlobalSection
EndGlobal
